
Microsoft Visual Studio Solution File, Format Version 12.00
# Visual Studio Express 2013 for Windows Desktop
VisualStudioVersion = 12.0.30110.0
MinimumVisualStudioVersion = 10.0.40219.1
Project("{FAE04EC0-301F-11D3-BF4B-00C04F79EFBC}") = "Cyral.Extensions", "Extensions\Cyral.Extensions.csproj", "{0D0928ED-00F3-4DC8-95E5-77533EC3EA00}"
EndProject
Project("{FAE04EC0-301F-11D3-BF4B-00C04F79EFBC}") = "Central", "Central\Central.csproj", "{D3F68FEA-6441-45C1-AD0D-DB323FD3D514}"
EndProject
Global
	GlobalSection(SolutionConfigurationPlatforms) = preSolution
		Debug|Any CPU = Debug|Any CPU
		Release|Any CPU = Release|Any CPU
	EndGlobalSection
	GlobalSection(ProjectConfigurationPlatforms) = postSolution
		{0D0928ED-00F3-4DC8-95E5-77533EC3EA00}.Debug|Any CPU.ActiveCfg = Debug|Any CPU
		{0D0928ED-00F3-4DC8-95E5-77533EC3EA00}.Debug|Any CPU.Build.0 = Debug|Any CPU
		{0D0928ED-00F3-4DC8-95E5-77533EC3EA00}.Release|Any CPU.ActiveCfg = Release|Any CPU
		{0D0928ED-00F3-4DC8-95E5-77533EC3EA00}.Release|Any CPU.Build.0 = Release|Any CPU
		{D3F68FEA-6441-45C1-AD0D-DB323FD3D514}.Debug|Any CPU.ActiveCfg = Debug|Any CPU
		{D3F68FEA-6441-45C1-AD0D-DB323FD3D514}.Debug|Any CPU.Build.0 = Debug|Any CPU
		{D3F68FEA-6441-45C1-AD0D-DB323FD3D514}.Release|Any CPU.ActiveCfg = Release|Any CPU
		{D3F68FEA-6441-45C1-AD0D-DB323FD3D514}.Release|Any CPU.Build.0 = Release|Any CPU
	EndGlobalSection
	GlobalSection(SolutionProperties) = preSolution
		HideSolutionNode = FALSE
	EndGlobalSection
EndGlobal
